
Microsoft Visual Studio Solution File, Format Version 12.00
# Visual Studio Version 16
VisualStudioVersion = 16.0.30114.105
MinimumVisualStudioVersion = 10.0.40219.1
Project("{FAE04EC0-301F-11D3-BF4B-00C04F79EFBC}") = "Test_Bus", "Test_Bus.csproj", "{9D545304-81C6-4DBA-BBF2-7E76673EAD65}"
EndProject
Global
	GlobalSection(SolutionConfigurationPlatforms) = preSolution
		Debug|Any CPU = Debug|Any CPU
		Release|Any CPU = Release|Any CPU
	EndGlobalSection
	GlobalSection(ProjectConfigurationPlatforms) = postSolution
		{9D545304-81C6-4DBA-BBF2-7E76673EAD65}.Debug|Any CPU.ActiveCfg = Debug|Any CPU
		{9D545304-81C6-4DBA-BBF2-7E76673EAD65}.Debug|Any CPU.Build.0 = Debug|Any CPU
		{9D545304-81C6-4DBA-BBF2-7E76673EAD65}.Release|Any CPU.ActiveCfg = Release|Any CPU
		{9D545304-81C6-4DBA-BBF2-7E76673EAD65}.Release|Any CPU.Build.0 = Release|Any CPU
	EndGlobalSection
	GlobalSection(SolutionProperties) = preSolution
		HideSolutionNode = FALSE
	EndGlobalSection
	GlobalSection(ExtensibilityGlobals) = postSolution
		SolutionGuid = {CABB3227-718F-46EC-AB1A-0ECEF30932AE}
	EndGlobalSection
EndGlobal
